
Microsoft Visual Studio Solution File, Format Version 12.00
# Visual Studio Version 17
VisualStudioVersion = 17.7.34031.279
MinimumVisualStudioVersion = 10.0.40219.1
Project("{FAE04EC0-301F-11D3-BF4B-00C04F79EFBC}") = "pantalla04", "pantalla04.csproj", "{6FA0E0B6-CF36-4B9F-AE36-74D91F06A6D6}"
EndProject
Global
	GlobalSection(SolutionConfigurationPlatforms) = preSolution
		Debug|Any CPU = Debug|Any CPU
		Release|Any CPU = Release|Any CPU
	EndGlobalSection
	GlobalSection(ProjectConfigurationPlatforms) = postSolution
		{6FA0E0B6-CF36-4B9F-AE36-74D91F06A6D6}.Debug|Any CPU.ActiveCfg = Debug|Any CPU
		{6FA0E0B6-CF36-4B9F-AE36-74D91F06A6D6}.Debug|Any CPU.Build.0 = Debug|Any CPU
		{6FA0E0B6-CF36-4B9F-AE36-74D91F06A6D6}.Release|Any CPU.ActiveCfg = Release|Any CPU
		{6FA0E0B6-CF36-4B9F-AE36-74D91F06A6D6}.Release|Any CPU.Build.0 = Release|Any CPU
	EndGlobalSection
	GlobalSection(SolutionProperties) = preSolution
		HideSolutionNode = FALSE
	EndGlobalSection
	GlobalSection(ExtensibilityGlobals) = postSolution
		SolutionGuid = {F980FA4E-C026-4CCD-A9BC-ED9141D76850}
	EndGlobalSection
EndGlobal
